{
  "name": "timeasure-demo",
  "requires": true,
  "lockfileVersion": 1,
  "dependencies": {
    "@types/jquery": {
      "version": "2.0.48",
      "resolved": "https://registry.npmjs.org/@types/jquery/-/jquery-2.0.48.tgz",
      "integrity": "sha512-nNLzUrVjaRV/Ds1eHZLYTd7IZxs38cwwLSaqMJj8OTXY8xNUbxSK69bi9cMLvQ7dm/IBeQ1wHwQ0S1uYa0rd2w=="
    },
    "timeago.js": {
      "version": "3.0.2",
      "resolved": "https://registry.npmjs.org/timeago.js/-/timeago.js-3.0.2.tgz",
      "integrity": "sha1-MqZ+fA2IfqQspYjTquJvd95edsw=",
      "requires": {
        "@types/jquery": "2.0.48"
      }
    }
  }
}
